
Microsoft Visual Studio Solution File, Format Version 12.00
# Visual Studio 2012
Project("{FAE04EC0-301F-11D3-BF4B-00C04F79EFBC}") = "IwannaMobileV1", "IwannaMobileV1\IwannaMobileV1.csproj", "{368B2622-DC1E-4E76-862D-9E310809940D}"
EndProject
Global
	GlobalSection(SolutionConfigurationPlatforms) = preSolution
		Debug|Any CPU = Debug|Any CPU
		Release|Any CPU = Release|Any CPU
	EndGlobalSection
	GlobalSection(ProjectConfigurationPlatforms) = postSolution
		{368B2622-DC1E-4E76-862D-9E310809940D}.Debug|Any CPU.ActiveCfg = Debug|Any CPU
		{368B2622-DC1E-4E76-862D-9E310809940D}.Debug|Any CPU.Build.0 = Debug|Any CPU
		{368B2622-DC1E-4E76-862D-9E310809940D}.Release|Any CPU.ActiveCfg = Release|Any CPU
		{368B2622-DC1E-4E76-862D-9E310809940D}.Release|Any CPU.Build.0 = Release|Any CPU
	EndGlobalSection
	GlobalSection(SolutionProperties) = preSolution
		HideSolutionNode = FALSE
	EndGlobalSection
EndGlobal
